
Microsoft Visual Studio Solution File, Format Version 12.00
# Visual Studio Version 17
VisualStudioVersion = 17.5.002.0
MinimumVisualStudioVersion = 10.0.40219.1
Project("{9A19103F-16F7-4668-BE54-9A1E7A4F7556}") = "BookStoreAPI", "BookStoreAPI.csproj", "{10D1CC7D-C1E4-47BD-9652-AFC2647F5599}"
EndProject
Global
	GlobalSection(SolutionConfigurationPlatforms) = preSolution
		Debug|Any CPU = Debug|Any CPU
		Release|Any CPU = Release|Any CPU
	EndGlobalSection
	GlobalSection(ProjectConfigurationPlatforms) = postSolution
		{10D1CC7D-C1E4-47BD-9652-AFC2647F5599}.Debug|Any CPU.ActiveCfg = Debug|Any CPU
		{10D1CC7D-C1E4-47BD-9652-AFC2647F5599}.Debug|Any CPU.Build.0 = Debug|Any CPU
		{10D1CC7D-C1E4-47BD-9652-AFC2647F5599}.Release|Any CPU.ActiveCfg = Release|Any CPU
		{10D1CC7D-C1E4-47BD-9652-AFC2647F5599}.Release|Any CPU.Build.0 = Release|Any CPU
	EndGlobalSection
	GlobalSection(SolutionProperties) = preSolution
		HideSolutionNode = FALSE
	EndGlobalSection
	GlobalSection(ExtensibilityGlobals) = postSolution
		SolutionGuid = {7C93FD28-DBF6-4CB6-85B2-E0F27E9FAC13}
	EndGlobalSection
EndGlobal
